// !$*UTF8*$!
{
	archiveVersion = 1;
	classes = {
	};
	objectVersion = 46;
	objects = {

/* Begin PBXBuildFile section */
		35508EFB8947E478A33C33CC /* Pods_TDLastFMTests.framework in Frameworks */ = {isa = PBXBuildFile; fileRef = A1C12121C629D36E99AB447E /* Pods_TDLastFMTests.framework */; };
		A521FDE1ECAA30450CD4DC73 /* Pods_TDLastFM.framework in Frameworks */ = {isa = PBXBuildFile; fileRef = 4CFC87A564858FA5790BA7DA /* Pods_TDLastFM.framework */; };
		E7508F381F175A8300FD313C /* AppDelegate.swift in Sources */ = {isa = PBXBuildFile; fileRef = E7508F371F175A8300FD313C /* AppDelegate.swift */; };
		E7508F3D1F175A8300FD313C /* Main.storyboard in Resources */ = {isa = PBXBuildFile; fileRef = E7508F3B1F175A8300FD313C /* Main.storyboard */; };
		E7508F3F1F175A8300FD313C /* Assets.xcassets in Resources */ = {isa = PBXBuildFile; fileRef = E7508F3E1F175A8300FD313C /* Assets.xcassets */; };
		E7508F421F175A8300FD313C /* LaunchScreen.storyboard in Resources */ = {isa = PBXBuildFile; fileRef = E7508F401F175A8300FD313C /* LaunchScreen.storyboard */; };
		E7508F4D1F175A8300FD313C /* TDLastFMTests.swift in Sources */ = {isa = PBXBuildFile; fileRef = E7508F4C1F175A8300FD313C /* TDLastFMTests.swift */; };
		E7508F5D1F175C1C00FD313C /* APIConfig.swift in Sources */ = {isa = PBXBuildFile; fileRef = E7508F5C1F175C1C00FD313C /* APIConfig.swift */; };
		E7BE97051F17E3AA0040DD94 /* URL+Extensions.swift in Sources */ = {isa = PBXBuildFile; fileRef = E7BE97041F17E3AA0040DD94 /* URL+Extensions.swift */; };
		E7BE97081F17E9CB0040DD94 /* Artist.swift in Sources */ = {isa = PBXBuildFile; fileRef = E7BE97071F17E9CB0040DD94 /* Artist.swift */; };
		E7BE970B1F17EA750040DD94 /* ArtistProtocol.swift in Sources */ = {isa = PBXBuildFile; fileRef = E7BE970A1F17EA750040DD94 /* ArtistProtocol.swift */; };
		E7BE970D1F18BE720040DD94 /* ArtistsViewController.swift in Sources */ = {isa = PBXBuildFile; fileRef = E7BE970C1F18BE720040DD94 /* ArtistsViewController.swift */; };
		E7BE97101F18C6600040DD94 /* ServiceManager.swift in Sources */ = {isa = PBXBuildFile; fileRef = E7BE970F1F18C6600040DD94 /* ServiceManager.swift */; };
		E7BE97121F18C7130040DD94 /* APIRequest.swift in Sources */ = {isa = PBXBuildFile; fileRef = E7BE97111F18C7130040DD94 /* APIRequest.swift */; };
		E7BE97141F18C8730040DD94 /* RequestService.swift in Sources */ = {isa = PBXBuildFile; fileRef = E7BE97131F18C8730040DD94 /* RequestService.swift */; };
/* End PBXBuildFile section */

/* Begin PBXContainerItemProxy section */
		E7508F491F175A8300FD313C /* PBXContainerItemProxy */ = {
			isa = PBXContainerItemProxy;
			containerPortal = E7508F2C1F175A8300FD313C /* Project object */;
			proxyType = 1;
			remoteGlobalIDString = E7508F331F175A8300FD313C;
			remoteInfo = TDLastFM;
		};
/* End PBXContainerItemProxy section */

/* Begin PBXFileReference section */
		22936993059B4505C9B2A11E /* Pods-TDLastFM.release.xcconfig */ = {isa = PBXFileReference; includeInIndex = 1; lastKnownFileType = text.xcconfig; name = "Pods-TDLastFM.release.xcconfig"; path = "Pods/Target Support Files/Pods-TDLastFM/Pods-TDLastFM.release.xcconfig"; sourceTree = "<group>"; };
		4CFC87A564858FA5790BA7DA /* Pods_TDLastFM.framework */ = {isa = PBXFileReference; explicitFileType = wrapper.framework; includeInIndex = 0; path = Pods_TDLastFM.framework; sourceTree = BUILT_PRODUCTS_DIR; };
		70338E57BC670D3F83B929DC /* Pods-TDLastFMTests.release.xcconfig */ = {isa = PBXFileReference; includeInIndex = 1; lastKnownFileType = text.xcconfig; name = "Pods-TDLastFMTests.release.xcconfig"; path = "Pods/Target Support Files/Pods-TDLastFMTests/Pods-TDLastFMTests.release.xcconfig"; sourceTree = "<group>"; };
		808156B30C9494978407E065 /* Pods-TDLastFMTests.debug.xcconfig */ = {isa = PBXFileReference; includeInIndex = 1; lastKnownFileType = text.xcconfig; name = "Pods-TDLastFMTests.debug.xcconfig"; path = "Pods/Target Support Files/Pods-TDLastFMTests/Pods-TDLastFMTests.debug.xcconfig"; sourceTree = "<group>"; };
		917053B552D7CEFB9DE3ABE4 /* Pods-TDLastFM.debug.xcconfig */ = {isa = PBXFileReference; includeInIndex = 1; lastKnownFileType = text.xcconfig; name = "Pods-TDLastFM.debug.xcconfig"; path = "Pods/Target Support Files/Pods-TDLastFM/Pods-TDLastFM.debug.xcconfig"; sourceTree = "<group>"; };
		A1C12121C629D36E99AB447E /* Pods_TDLastFMTests.framework */ = {isa = PBXFileReference; explicitFileType = wrapper.framework; includeInIndex = 0; path = Pods_TDLastFMTests.framework; sourceTree = BUILT_PRODUCTS_DIR; };
		E7508F341F175A8300FD313C /* TDLastFM.app */ = {isa = PBXFileReference; explicitFileType = wrapper.application; includeInIndex = 0; path = TDLastFM.app; sourceTree = BUILT_PRODUCTS_DIR; };
		E7508F371F175A8300FD313C /* AppDelegate.swift */ = {isa = PBXFileReference; lastKnownFileType = sourcecode.swift; path = AppDelegate.swift; sourceTree = "<group>"; };
		E7508F3C1F175A8300FD313C /* Base */ = {isa = PBXFileReference; lastKnownFileType = file.storyboard; name = Base; path = Base.lproj/Main.storyboard; sourceTree = "<group>"; };
		E7508F3E1F175A8300FD313C /* Assets.xcassets */ = {isa = PBXFileReference; lastKnownFileType = folder.assetcatalog; path = Assets.xcassets; sourceTree = "<group>"; };
		E7508F411F175A8300FD313C /* Base */ = {isa = PBXFileReference; lastKnownFileType = file.storyboard; name = Base; path = Base.lproj/LaunchScreen.storyboard; sourceTree = "<group>"; };
		E7508F431F175A8300FD313C /* Info.plist */ = {isa = PBXFileReference; lastKnownFileType = text.plist.xml; path = Info.plist; sourceTree = "<group>"; };
		E7508F481F175A8300FD313C /* TDLastFMTests.xctest */ = {isa = PBXFileReference; explicitFileType = wrapper.cfbundle; includeInIndex = 0; path = TDLastFMTests.xctest; sourceTree = BUILT_PRODUCTS_DIR; };
		E7508F4C1F175A8300FD313C /* TDLastFMTests.swift */ = {isa = PBXFileReference; lastKnownFileType = sourcecode.swift; path = TDLastFMTests.swift; sourceTree = "<group>"; };
		E7508F4E1F175A8300FD313C /* Info.plist */ = {isa = PBXFileReference; lastKnownFileType = text.plist.xml; path = Info.plist; sourceTree = "<group>"; };
		E7508F5C1F175C1C00FD313C /* APIConfig.swift */ = {isa = PBXFileReference; fileEncoding = 4; lastKnownFileType = sourcecode.swift; path = APIConfig.swift; sourceTree = "<group>"; };
		E7BE97041F17E3AA0040DD94 /* URL+Extensions.swift */ = {isa = PBXFileReference; fileEncoding = 4; lastKnownFileType = sourcecode.swift; path = "URL+Extensions.swift"; sourceTree = "<group>"; };
		E7BE97071F17E9CB0040DD94 /* Artist.swift */ = {isa = PBXFileReference; fileEncoding = 4; lastKnownFileType = sourcecode.swift; path = Artist.swift; sourceTree = "<group>"; };
		E7BE970A1F17EA750040DD94 /* ArtistProtocol.swift */ = {isa = PBXFileReference; fileEncoding = 4; lastKnownFileType = sourcecode.swift; path = ArtistProtocol.swift; sourceTree = "<group>"; };
		E7BE970C1F18BE720040DD94 /* ArtistsViewController.swift */ = {isa = PBXFileReference; fileEncoding = 4; lastKnownFileType = sourcecode.swift; path = ArtistsViewController.swift; sourceTree = "<group>"; };
		E7BE970F1F18C6600040DD94 /* ServiceManager.swift */ = {isa = PBXFileReference; fileEncoding = 4; lastKnownFileType = sourcecode.swift; path = ServiceManager.swift; sourceTree = "<group>"; };
		E7BE97111F18C7130040DD94 /* APIRequest.swift */ = {isa = PBXFileReference; fileEncoding = 4; lastKnownFileType = sourcecode.swift; path = APIRequest.swift; sourceTree = "<group>"; };
		E7BE97131F18C8730040DD94 /* RequestService.swift */ = {isa = PBXFileReference; fileEncoding = 4; lastKnownFileType = sourcecode.swift; path = RequestService.swift; sourceTree = "<group>"; };
/* End PBXFileReference section */

/* Begin PBXFrameworksBuildPhase section */
		E7508F311F175A8300FD313C /* Frameworks */ = {
			isa = PBXFrameworksBuildPhase;
			buildActionMask = 2147483647;
			files = (
				A521FDE1ECAA30450CD4DC73 /* Pods_TDLastFM.framework in Frameworks */,
			);
			runOnlyForDeploymentPostprocessing = 0;
		};
		E7508F451F175A8300FD313C /* Frameworks */ = {
			isa = PBXFrameworksBuildPhase;
			buildActionMask = 2147483647;
			files = (
				35508EFB8947E478A33C33CC /* Pods_TDLastFMTests.framework in Frameworks */,
			);
			runOnlyForDeploymentPostprocessing = 0;
		};
/* End PBXFrameworksBuildPhase section */

/* Begin PBXGroup section */
		1A8EA078208180F4AB9F1AFF /* Pods */ = {
			isa = PBXGroup;
			children = (
				917053B552D7CEFB9DE3ABE4 /* Pods-TDLastFM.debug.xcconfig */,
				22936993059B4505C9B2A11E /* Pods-TDLastFM.release.xcconfig */,
				808156B30C9494978407E065 /* Pods-TDLastFMTests.debug.xcconfig */,
				70338E57BC670D3F83B929DC /* Pods-TDLastFMTests.release.xcconfig */,
			);
			name = Pods;
			sourceTree = "<group>";
		};
		E7508F2B1F175A8300FD313C = {
			isa = PBXGroup;
			children = (
				E7508F361F175A8300FD313C /* TDLastFM */,
				E7508F4B1F175A8300FD313C /* TDLastFMTests */,
				E7508F351F175A8300FD313C /* Products */,
				1A8EA078208180F4AB9F1AFF /* Pods */,
				F40FC1AA8B0488EB37B5B17D /* Frameworks */,
			);
			sourceTree = "<group>";
		};
		E7508F351F175A8300FD313C /* Products */ = {
			isa = PBXGroup;
			children = (
				E7508F341F175A8300FD313C /* TDLastFM.app */,
				E7508F481F175A8300FD313C /* TDLastFMTests.xctest */,
			);
			name = Products;
			sourceTree = "<group>";
		};
		E7508F361F175A8300FD313C /* TDLastFM */ = {
			isa = PBXGroup;
			children = (
				E7508F371F175A8300FD313C /* AppDelegate.swift */,
				E7BE97031F17E3A20040DD94 /* Extensions */,
				E7508F5A1F175AAA00FD313C /* Resources */,
				E7BE970E1F18C6500040DD94 /* Managers */,
				E7BE97061F17E9700040DD94 /* Model */,
				E7BE97091F17EA210040DD94 /* Protocols */,
				E7508F5B1F175C1300FD313C /* Services */,
				E7508F571F175A9B00FD313C /* ViewControllers */,
			);
			path = TDLastFM;
			sourceTree = "<group>";
		};
		E7508F4B1F175A8300FD313C /* TDLastFMTests */ = {
			isa = PBXGroup;
			children = (
				E7508F4C1F175A8300FD313C /* TDLastFMTests.swift */,
				E7508F4E1F175A8300FD313C /* Info.plist */,
			);
			path = TDLastFMTests;
			sourceTree = "<group>";
		};
		E7508F571F175A9B00FD313C /* ViewControllers */ = {
			isa = PBXGroup;
			children = (
				E7508F3B1F175A8300FD313C /* Main.storyboard */,
				E7BE970C1F18BE720040DD94 /* ArtistsViewController.swift */,
			);
			path = ViewControllers;
			sourceTree = "<group>";
		};
		E7508F5A1F175AAA00FD313C /* Resources */ = {
			isa = PBXGroup;
			children = (
				E7508F3E1F175A8300FD313C /* Assets.xcassets */,
				E7508F401F175A8300FD313C /* LaunchScreen.storyboard */,
				E7508F431F175A8300FD313C /* Info.plist */,
			);
			name = Resources;
			sourceTree = "<group>";
		};
		E7508F5B1F175C1300FD313C /* Services */ = {
			isa = PBXGroup;
			children = (
				E7508F5C1F175C1C00FD313C /* APIConfig.swift */,
				E7BE97131F18C8730040DD94 /* RequestService.swift */,
			);
			path = Services;
			sourceTree = "<group>";
		};
		E7BE97031F17E3A20040DD94 /* Extensions */ = {
			isa = PBXGroup;
			children = (
				E7BE97041F17E3AA0040DD94 /* URL+Extensions.swift */,
			);
			path = Extensions;
			sourceTree = "<group>";
		};
		E7BE97061F17E9700040DD94 /* Model */ = {
			isa = PBXGroup;
			children = (
				E7BE97071F17E9CB0040DD94 /* Artist.swift */,
			);
			path = Model;
			sourceTree = "<group>";
		};
		E7BE97091F17EA210040DD94 /* Protocols */ = {
			isa = PBXGroup;
			children = (
				E7BE970A1F17EA750040DD94 /* ArtistProtocol.swift */,
				E7BE97111F18C7130040DD94 /* APIRequest.swift */,
			);
			path = Protocols;
			sourceTree = "<group>";
		};
		E7BE970E1F18C6500040DD94 /* Managers */ = {
			isa = PBXGroup;
			children = (
				E7BE970F1F18C6600040DD94 /* ServiceManager.swift */,
			);
			path = Managers;
			sourceTree = "<group>";
		};
		F40FC1AA8B0488EB37B5B17D /* Frameworks */ = {
			isa = PBXGroup;
			children = (
				4CFC87A564858FA5790BA7DA /* Pods_TDLastFM.framework */,
				A1C12121C629D36E99AB447E /* Pods_TDLastFMTests.framework */,
			);
			name = Frameworks;
			sourceTree = "<group>";
		};
/* End PBXGroup section */

/* Begin PBXNativeTarget section */
		E7508F331F175A8300FD313C /* TDLastFM */ = {
			isa = PBXNativeTarget;
			buildConfigurationList = E7508F511F175A8300FD313C /* Build configuration list for PBXNativeTarget "TDLastFM" */;
			buildPhases = (
				3A9456CC5CDACED86B37FD0C /* [CP] Check Pods Manifest.lock */,
				E7508F301F175A8300FD313C /* Sources */,
				E7508F311F175A8300FD313C /* Frameworks */,
				E7508F321F175A8300FD313C /* Resources */,
				B8A0389011A61719AEAC93CC /* [CP] Embed Pods Frameworks */,
				0754CFD22F3326091B5591BB /* [CP] Copy Pods Resources */,
			);
			buildRules = (
			);
			dependencies = (
			);
			name = TDLastFM;
			productName = TDLastFM;
			productReference = E7508F341F175A8300FD313C /* TDLastFM.app */;
			productType = "com.apple.product-type.application";
		};
		E7508F471F175A8300FD313C /* TDLastFMTests */ = {
			isa = PBXNativeTarget;
			buildConfigurationList = E7508F541F175A8300FD313C /* Build configuration list for PBXNativeTarget "TDLastFMTests" */;
			buildPhases = (
				BD4425A09A28B87F909F9724 /* [CP] Check Pods Manifest.lock */,
				E7508F441F175A8300FD313C /* Sources */,
				E7508F451F175A8300FD313C /* Frameworks */,
				E7508F461F175A8300FD313C /* Resources */,
				0AEBB8F36273138CDB28B3BE /* [CP] Embed Pods Frameworks */,
				06726321A72C433C7A5329CC /* [CP] Copy Pods Resources */,
			);
			buildRules = (
			);
			dependencies = (
				E7508F4A1F175A8300FD313C /* PBXTargetDependency */,
			);
			name = TDLastFMTests;
			productName = TDLastFMTests;
			productReference = E7508F481F175A8300FD313C /* TDLastFMTests.xctest */;
			productType = "com.apple.product-type.bundle.unit-test";
		};
/* End PBXNativeTarget section */

/* Begin PBXProject section */
		E7508F2C1F175A8300FD313C /* Project object */ = {
			isa = PBXProject;
			attributes = {
				LastSwiftUpdateCheck = 0830;
				LastUpgradeCheck = 0830;
				ORGANIZATIONNAME = "Tiago Dias";
				TargetAttributes = {
					E7508F331F175A8300FD313C = {
						CreatedOnToolsVersion = 8.3.2;
						DevelopmentTeam = 7DWU9M2398;
						ProvisioningStyle = Automatic;
					};
					E7508F471F175A8300FD313C = {
						CreatedOnToolsVersion = 8.3.2;
						DevelopmentTeam = 7DWU9M2398;
						ProvisioningStyle = Automatic;
						TestTargetID = E7508F331F175A8300FD313C;
					};
				};
			};
			buildConfigurationList = E7508F2F1F175A8300FD313C /* Build configuration list for PBXProject "TDLastFM" */;
			compatibilityVersion = "Xcode 3.2";
			developmentRegion = English;
			hasScannedForEncodings = 0;
			knownRegions = (
				en,
				Base,
			);
			mainGroup = E7508F2B1F175A8300FD313C;
			productRefGroup = E7508F351F175A8300FD313C /* Products */;
			projectDirPath = "";
			projectRoot = "";
			targets = (
				E7508F331F175A8300FD313C /* TDLastFM */,
				E7508F471F175A8300FD313C /* TDLastFMTests */,
			);
		};
/* End PBXProject section */

/* Begin PBXResourcesBuildPhase section */
		E7508F321F175A8300FD313C /* Resources */ = {
			isa = PBXResourcesBuildPhase;
			buildActionMask = 2147483647;
			files = (
				E7508F421F175A8300FD313C /* LaunchScreen.storyboard in Resources */,
				E7508F3F1F175A8300FD313C /* Assets.xcassets in Resources */,
				E7508F3D1F175A8300FD313C /* Main.storyboard in Resources */,
			);
			runOnlyForDeploymentPostprocessing = 0;
		};
		E7508F461F175A8300FD313C /* Resources */ = {
			isa = PBXResourcesBuildPhase;
			buildActionMask = 2147483647;
			files = (
			);
			runOnlyForDeploymentPostprocessing = 0;
		};
/* End PBXResourcesBuildPhase section */

/* Begin PBXShellScriptBuildPhase section */
		06726321A72C433C7A5329CC /* [CP] Copy Pods Resources */ = {
			isa = PBXShellScriptBuildPhase;
			buildActionMask = 2147483647;
			files = (
			);
			inputPaths = (
			);
			name = "[CP] Copy Pods Resources";
			outputPaths = (
			);
			runOnlyForDeploymentPostprocessing = 0;
			shellPath = /bin/sh;
			shellScript = "\"${SRCROOT}/Pods/Target Support Files/Pods-TDLastFMTests/Pods-TDLastFMTests-resources.sh\"\n";
			showEnvVarsInLog = 0;
		};
		0754CFD22F3326091B5591BB /* [CP] Copy Pods Resources */ = {
			isa = PBXShellScriptBuildPhase;
			buildActionMask = 2147483647;
			files = (
			);
			inputPaths = (
			);
			name = "[CP] Copy Pods Resources";
			outputPaths = (
			);
			runOnlyForDeploymentPostprocessing = 0;
			shellPath = /bin/sh;
			shellScript = "\"${SRCROOT}/Pods/Target Support Files/Pods-TDLastFM/Pods-TDLastFM-resources.sh\"\n";
			showEnvVarsInLog = 0;
		};
		0AEBB8F36273138CDB28B3BE /* [CP] Embed Pods Frameworks */ = {
			isa = PBXShellScriptBuildPhase;
			buildActionMask = 2147483647;
			files = (
			);
			inputPaths = (
			);
			name = "[CP] Embed Pods Frameworks";
			outputPaths = (
			);
			runOnlyForDeploymentPostprocessing = 0;
			shellPath = /bin/sh;
			shellScript = "\"${SRCROOT}/Pods/Target Support Files/Pods-TDLastFMTests/Pods-TDLastFMTests-frameworks.sh\"\n";
			showEnvVarsInLog = 0;
		};
		3A9456CC5CDACED86B37FD0C /* [CP] Check Pods Manifest.lock */ = {
			isa = PBXShellScriptBuildPhase;
			buildActionMask = 2147483647;
			files = (
			);
			inputPaths = (
			);
			name = "[CP] Check Pods Manifest.lock";
			outputPaths = (
			);
			runOnlyForDeploymentPostprocessing = 0;
			shellPath = /bin/sh;
			shellScript = "diff \"${PODS_PODFILE_DIR_PATH}/Podfile.lock\" \"${PODS_ROOT}/Manifest.lock\" > /dev/null\nif [ $? != 0 ] ; then\n    # print error to STDERR\n    echo \"error: The sandbox is not in sync with the Podfile.lock. Run 'pod install' or update your CocoaPods installation.\" >&2\n    exit 1\nfi\n";
			showEnvVarsInLog = 0;
		};
		B8A0389011A61719AEAC93CC /* [CP] Embed Pods Frameworks */ = {
			isa = PBXShellScriptBuildPhase;
			buildActionMask = 2147483647;
			files = (
			);
			inputPaths = (
			);
			name = "[CP] Embed Pods Frameworks";
			outputPaths = (
			);
			runOnlyForDeploymentPostprocessing = 0;
			shellPath = /bin/sh;
			shellScript = "\"${SRCROOT}/Pods/Target Support Files/Pods-TDLastFM/Pods-TDLastFM-frameworks.sh\"\n";
			showEnvVarsInLog = 0;
		};
		BD4425A09A28B87F909F9724 /* [CP] Check Pods Manifest.lock */ = {
			isa = PBXShellScriptBuildPhase;
			buildActionMask = 2147483647;
			files = (
			);
			inputPaths = (
			);
			name = "[CP] Check Pods Manifest.lock";
			outputPaths = (
			);
			runOnlyForDeploymentPostprocessing = 0;
			shellPath = /bin/sh;
			shellScript = "diff \"${PODS_PODFILE_DIR_PATH}/Podfile.lock\" \"${PODS_ROOT}/Manifest.lock\" > /dev/null\nif [ $? != 0 ] ; then\n    # print error to STDERR\n    echo \"error: The sandbox is not in sync with the Podfile.lock. Run 'pod install' or update your CocoaPods installation.\" >&2\n    exit 1\nfi\n";
			showEnvVarsInLog = 0;
		};
/* End PBXShellScriptBuildPhase section */

/* Begin PBXSourcesBuildPhase section */
		E7508F301F175A8300FD313C /* Sources */ = {
			isa = PBXSourcesBuildPhase;
			buildActionMask = 2147483647;
			files = (
				E7BE97051F17E3AA0040DD94 /* URL+Extensions.swift in Sources */,
				E7BE97141F18C8730040DD94 /* RequestService.swift in Sources */,
				E7508F381F175A8300FD313C /* AppDelegate.swift in Sources */,
				E7BE97081F17E9CB0040DD94 /* Artist.swift in Sources */,
				E7BE970D1F18BE720040DD94 /* ArtistsViewController.swift in Sources */,
				E7BE970B1F17EA750040DD94 /* ArtistProtocol.swift in Sources */,
				E7BE97101F18C6600040DD94 /* ServiceManager.swift in Sources */,
				E7BE97121F18C7130040DD94 /* APIRequest.swift in Sources */,
				E7508F5D1F175C1C00FD313C /* APIConfig.swift in Sources */,
			);
			runOnlyForDeploymentPostprocessing = 0;
		};
		E7508F441F175A8300FD313C /* Sources */ = {
			isa = PBXSourcesBuildPhase;
			buildActionMask = 2147483647;
			files = (
				E7508F4D1F175A8300FD313C /* TDLastFMTests.swift in Sources */,
			);
			runOnlyForDeploymentPostprocessing = 0;
		};
/* End PBXSourcesBuildPhase section */

/* Begin PBXTargetDependency section */
		E7508F4A1F175A8300FD313C /* PBXTargetDependency */ = {
			isa = PBXTargetDependency;
			target = E7508F331F175A8300FD313C /* TDLastFM */;
			targetProxy = E7508F491F175A8300FD313C /* PBXContainerItemProxy */;
		};
/* End PBXTargetDependency section */

/* Begin PBXVariantGroup section */
		E7508F3B1F175A8300FD313C /* Main.storyboard */ = {
			isa = PBXVariantGroup;
			children = (
				E7508F3C1F175A8300FD313C /* Base */,
			);
			name = Main.storyboard;
			path = ..;
			sourceTree = "<group>";
		};
		E7508F401F175A8300FD313C /* LaunchScreen.storyboard */ = {
			isa = PBXVariantGroup;
			children = (
				E7508F411F175A8300FD313C /* Base */,
			);
			name = LaunchScreen.storyboard;
			sourceTree = "<group>";
		};
/* End PBXVariantGroup section */

/* Begin XCBuildConfiguration section */
		E7508F4F1F175A8300FD313C /* Debug */ = {
			isa = XCBuildConfiguration;
			buildSettings = {
				ALWAYS_SEARCH_USER_PATHS = NO;
				CLANG_ANALYZER_NONNULL = YES;
				CLANG_ANALYZER_NUMBER_OBJECT_CONVERSION = YES_AGGRESSIVE;
				CLANG_CXX_LANGUAGE_STANDARD = "gnu++0x";
				CLANG_CXX_LIBRARY = "libc++";
				CLANG_ENABLE_MODULES = YES;
				CLANG_ENABLE_OBJC_ARC = YES;
				CLANG_WARN_BOOL_CONVERSION = YES;
				CLANG_WARN_CONSTANT_CONVERSION = YES;
				CLANG_WARN_DIRECT_OBJC_ISA_USAGE = YES_ERROR;
				CLANG_WARN_DOCUMENTATION_COMMENTS = YES;
				CLANG_WARN_EMPTY_BODY = YES;
				CLANG_WARN_ENUM_CONVERSION = YES;
				CLANG_WARN_INFINITE_RECURSION = YES;
				CLANG_WARN_INT_CONVERSION = YES;
				CLANG_WARN_OBJC_ROOT_CLASS = YES_ERROR;
				CLANG_WARN_SUSPICIOUS_MOVE = YES;
				CLANG_WARN_UNREACHABLE_CODE = YES;
				CLANG_WARN__DUPLICATE_METHOD_MATCH = YES;
				"CODE_SIGN_IDENTITY[sdk=iphoneos*]" = "iPhone Developer";
				COPY_PHASE_STRIP = NO;
				DEBUG_INFORMATION_FORMAT = dwarf;
				ENABLE_STRICT_OBJC_MSGSEND = YES;
				ENABLE_TESTABILITY = YES;
				GCC_C_LANGUAGE_STANDARD = gnu99;
				GCC_DYNAMIC_NO_PIC = NO;
				GCC_NO_COMMON_BLOCKS = YES;
				GCC_OPTIMIZATION_LEVEL = 0;
				GCC_PREPROCESSOR_DEFINITIONS = (
					"DEBUG=1",
					"$(inherited)",
				);
				GCC_WARN_64_TO_32_BIT_CONVERSION = YES;
				GCC_WARN_ABOUT_RETURN_TYPE = YES_ERROR;
				GCC_WARN_UNDECLARED_SELECTOR = YES;
				GCC_WARN_UNINITIALIZED_AUTOS = YES_AGGRESSIVE;
				GCC_WARN_UNUSED_FUNCTION = YES;
				GCC_WARN_UNUSED_VARIABLE = YES;
				IPHONEOS_DEPLOYMENT_TARGET = 10.3;
				MTL_ENABLE_DEBUG_INFO = YES;
				ONLY_ACTIVE_ARCH = YES;
				SDKROOT = iphoneos;
				SWIFT_ACTIVE_COMPILATION_CONDITIONS = DEBUG;
				SWIFT_OPTIMIZATION_LEVEL = "-Onone";
				TARGETED_DEVICE_FAMILY = "1,2";
			};
			name = Debug;
		};
		E7508F501F175A8300FD313C /* Release */ = {
			isa = XCBuildConfiguration;
			buildSettings = {
				ALWAYS_SEARCH_USER_PATHS = NO;
				CLANG_ANALYZER_NONNULL = YES;
				CLANG_ANALYZER_NUMBER_OBJECT_CONVERSION = YES_AGGRESSIVE;
				CLANG_CXX_LANGUAGE_STANDARD = "gnu++0x";
				CLANG_CXX_LIBRARY = "libc++";
				CLANG_ENABLE_MODULES = YES;
				CLANG_ENABLE_OBJC_ARC = YES;
				CLANG_WARN_BOOL_CONVERSION = YES;
				CLANG_WARN_CONSTANT_CONVERSION = YES;
				CLANG_WARN_DIRECT_OBJC_ISA_USAGE = YES_ERROR;
				CLANG_WARN_DOCUMENTATION_COMMENTS = YES;
				CLANG_WARN_EMPTY_BODY = YES;
				CLANG_WARN_ENUM_CONVERSION = YES;
				CLANG_WARN_INFINITE_RECURSION = YES;
				CLANG_WARN_INT_CONVERSION = YES;
				CLANG_WARN_OBJC_ROOT_CLASS = YES_ERROR;
				CLANG_WARN_SUSPICIOUS_MOVE = YES;
				CLANG_WARN_UNREACHABLE_CODE = YES;
				CLANG_WARN__DUPLICATE_METHOD_MATCH = YES;
				"CODE_SIGN_IDENTITY[sdk=iphoneos*]" = "iPhone Developer";
				COPY_PHASE_STRIP = NO;
				DEBUG_INFORMATION_FORMAT = "dwarf-with-dsym";
				ENABLE_NS_ASSERTIONS = NO;
				ENABLE_STRICT_OBJC_MSGSEND = YES;
				GCC_C_LANGUAGE_STANDARD = gnu99;
				GCC_NO_COMMON_BLOCKS = YES;
				GCC_WARN_64_TO_32_BIT_CONVERSION = YES;
				GCC_WARN_ABOUT_RETURN_TYPE = YES_ERROR;
				GCC_WARN_UNDECLARED_SELECTOR = YES;
				GCC_WARN_UNINITIALIZED_AUTOS = YES_AGGRESSIVE;
				GCC_WARN_UNUSED_FUNCTION = YES;
				GCC_WARN_UNUSED_VARIABLE = YES;
				IPHONEOS_DEPLOYMENT_TARGET = 10.3;
				MTL_ENABLE_DEBUG_INFO = NO;
				SDKROOT = iphoneos;
				SWIFT_OPTIMIZATION_LEVEL = "-Owholemodule";
				TARGETED_DEVICE_FAMILY = "1,2";
				VALIDATE_PRODUCT = YES;
			};
			name = Release;
		};
		E7508F521F175A8300FD313C /* Debug */ = {
			isa = XCBuildConfiguration;
			baseConfigurationReference = 917053B552D7CEFB9DE3ABE4 /* Pods-TDLastFM.debug.xcconfig */;
			buildSettings = {
				ASSETCATALOG_COMPILER_APPICON_NAME = AppIcon;
				DEVELOPMENT_TEAM = 7DWU9M2398;
				INFOPLIST_FILE = TDLastFM/Info.plist;
				LD_RUNPATH_SEARCH_PATHS = "$(inherited) @executable_path/Frameworks";
				PRODUCT_BUNDLE_IDENTIFIER = pt.feltes.TDLastFM;
				PRODUCT_NAME = "$(TARGET_NAME)";
				SWIFT_VERSION = 3.0;
			};
			name = Debug;
		};
		E7508F531F175A8300FD313C /* Release */ = {
			isa = XCBuildConfiguration;
			baseConfigurationReference = 22936993059B4505C9B2A11E /* Pods-TDLastFM.release.xcconfig */;
			buildSettings = {
				ASSETCATALOG_COMPILER_APPICON_NAME = AppIcon;
				DEVELOPMENT_TEAM = 7DWU9M2398;
				INFOPLIST_FILE = TDLastFM/Info.plist;
				LD_RUNPATH_SEARCH_PATHS = "$(inherited) @executable_path/Frameworks";
				PRODUCT_BUNDLE_IDENTIFIER = pt.feltes.TDLastFM;
				PRODUCT_NAME = "$(TARGET_NAME)";
				SWIFT_VERSION = 3.0;
			};
			name = Release;
		};
		E7508F551F175A8300FD313C /* Debug */ = {
			isa = XCBuildConfiguration;
			baseConfigurationReference = 808156B30C9494978407E065 /* Pods-TDLastFMTests.debug.xcconfig */;
			buildSettings = {
				ALWAYS_EMBED_SWIFT_STANDARD_LIBRARIES = YES;
				BUNDLE_LOADER = "$(TEST_HOST)";
				DEVELOPMENT_TEAM = 7DWU9M2398;
				INFOPLIST_FILE = TDLastFMTests/Info.plist;
				LD_RUNPATH_SEARCH_PATHS = "$(inherited) @executable_path/Frameworks @loader_path/Frameworks";
				PRODUCT_BUNDLE_IDENTIFIER = pt.feltes.TDLastFMTests;
				PRODUCT_NAME = "$(TARGET_NAME)";
				SWIFT_VERSION = 3.0;
				TEST_HOST = "$(BUILT_PRODUCTS_DIR)/TDLastFM.app/TDLastFM";
			};
			name = Debug;
		};
		E7508F561F175A8300FD313C /* Release */ = {
			isa = XCBuildConfiguration;
			baseConfigurationReference = 70338E57BC670D3F83B929DC /* Pods-TDLastFMTests.release.xcconfig */;
			buildSettings = {
				ALWAYS_EMBED_SWIFT_STANDARD_LIBRARIES = YES;
				BUNDLE_LOADER = "$(TEST_HOST)";
				DEVELOPMENT_TEAM = 7DWU9M2398;
				INFOPLIST_FILE = TDLastFMTests/Info.plist;
				LD_RUNPATH_SEARCH_PATHS = "$(inherited) @executable_path/Frameworks @loader_path/Frameworks";
				PRODUCT_BUNDLE_IDENTIFIER = pt.feltes.TDLastFMTests;
				PRODUCT_NAME = "$(TARGET_NAME)";
				SWIFT_VERSION = 3.0;
				TEST_HOST = "$(BUILT_PRODUCTS_DIR)/TDLastFM.app/TDLastFM";
			};
			name = Release;
		};
/* End XCBuildConfiguration section */

/* Begin XCConfigurationList section */
		E7508F2F1F175A8300FD313C /* Build configuration list for PBXProject "TDLastFM" */ = {
			isa = XCConfigurationList;
			buildConfigurations = (
				E7508F4F1F175A8300FD313C /* Debug */,
				E7508F501F175A8300FD313C /* Release */,
			);
			defaultConfigurationIsVisible = 0;
			defaultConfigurationName = Release;
		};
		E7508F511F175A8300FD313C /* Build configuration list for PBXNativeTarget "TDLastFM" */ = {
			isa = XCConfigurationList;
			buildConfigurations = (
				E7508F521F175A8300FD313C /* Debug */,
				E7508F531F175A8300FD313C /* Release */,
			);
			defaultConfigurationIsVisible = 0;
			defaultConfigurationName = Release;
		};
		E7508F541F175A8300FD313C /* Build configuration list for PBXNativeTarget "TDLastFMTests" */ = {
			isa = XCConfigurationList;
			buildConfigurations = (
				E7508F551F175A8300FD313C /* Debug */,
				E7508F561F175A8300FD313C /* Release */,
			);
			defaultConfigurationIsVisible = 0;
			defaultConfigurationName = Release;
		};
/* End XCConfigurationList section */
	};
	rootObject = E7508F2C1F175A8300FD313C /* Project object */;
}
